<?xml version="1.0" encoding="utf-8"?>
<Project ToolsVersion="4.0" xmlns="http://schemas.microsoft.com/developer/msbuild/2003">
  <ItemGroup>
    <Filter Include="Source Files">
      <UniqueIdentifier>{4FC737F1-C7A5-4376-A066-2A32D752A2FF}</UniqueIdentifier>
      <Extensions>cpp;c;cc;cxx;def;odl;idl;hpj;bat;asm;asmx</Extensions>
    </Filter>
    <Filter Include="Header Files">
      <UniqueIdentifier>{93995380-89BD-4b04-88EB-625FBE52EBFB}</UniqueIdentifier>
      <Extensions>h;hpp;hxx;hm;inl;inc;xsd</Extensions>
    </Filter>
  </ItemGroup>
  <ItemGroup>
    <ClCompile Include="CAdvmapInterface.cpp">
      <Filter>Source Files</Filter>
    </ClCompile>
    <ClCompile Include="CBitmapHandler.cpp">
      <Filter>Source Files</Filter>
    </ClCompile>
    <ClCompile Include="..\CCallback.cpp">
      <Filter>Source Files</Filter>
    </ClCompile>
    <ClCompile Include="CCastleInterface.cpp">
      <Filter>Source Files</Filter>
    </ClCompile>
    <ClCompile Include="CConfigHandler.cpp">
      <Filter>Source Files</Filter>
    </ClCompile>
    <ClCompile Include="CGameInfo.cpp">
      <Filter>Source Files</Filter>
    </ClCompile>
    <ClCompile Include="CHeroWindow.cpp">
      <Filter>Source Files</Filter>
    </ClCompile>
    <ClCompile Include="CKingdomInterface.cpp">
      <Filter>Source Files</Filter>
    </ClCompile>
    <ClCompile Include="Client.cpp">
      <Filter>Source Files</Filter>
    </ClCompile>
    <ClCompile Include="CMessage.cpp">
      <Filter>Source Files</Filter>
    </ClCompile>
    <ClCompile Include="CMT.cpp">
      <Filter>Source Files</Filter>
    </ClCompile>
    <ClCompile Include="CPlayerInterface.cpp">
      <Filter>Source Files</Filter>
    </ClCompile>
    <ClCompile Include="CPreGame.cpp">
      <Filter>Source Files</Filter>
    </ClCompile>
    <ClCompile Include="CSpellWindow.cpp">
      <Filter>Source Files</Filter>
    </ClCompile>
    <ClCompile Include="Graphics.cpp">
      <Filter>Source Files</Filter>
    </ClCompile>
    <ClCompile Include="GUIClasses.cpp">
      <Filter>Source Files</Filter>
    </ClCompile>
    <ClCompile Include="NetPacksClient.cpp">
      <Filter>Source Files</Filter>
    </ClCompile>
    <ClCompile Include="mapHandler.cpp">
      <Filter>Source Files</Filter>
    </ClCompile>
    <ClCompile Include="CAnimation.cpp">
      <Filter>Source Files</Filter>
    </ClCompile>
    <ClCompile Include="CDefHandler.cpp">
      <Filter>Source Files</Filter>
    </ClCompile>
    <ClCompile Include="CMusicHandler.cpp">
      <Filter>Source Files</Filter>
    </ClCompile>
    <ClCompile Include="CSndHandler.cpp">
      <Filter>Source Files</Filter>
    </ClCompile>
    <ClCompile Include="CVideoHandler.cpp">
      <Filter>Source Files</Filter>
    </ClCompile>
    <ClCompile Include="CCreatureWindow.cpp">
      <Filter>Source Files</Filter>
    </ClCompile>
    <ClCompile Include="BattleInterface\CBattleAnimations.cpp">
      <Filter>Source Files</Filter>
    </ClCompile>
    <ClCompile Include="BattleInterface\CBattleInterface.cpp">
      <Filter>Source Files</Filter>
    </ClCompile>
    <ClCompile Include="BattleInterface\CBattleInterfaceClasses.cpp">
      <Filter>Source Files</Filter>
    </ClCompile>
    <ClCompile Include="BattleInterface\CCreatureAnimation.cpp">
      <Filter>Source Files</Filter>
    </ClCompile>
    <ClCompile Include="StdInc.cpp">
      <Filter>Source Files</Filter>
    </ClCompile>
    <ClCompile Include="UIFramework\CCursorHandler.cpp">
      <Filter>Source Files</Filter>
    </ClCompile>
    <ClCompile Include="UIFramework\CGuiHandler.cpp">
      <Filter>Source Files</Filter>
    </ClCompile>
    <ClCompile Include="UIFramework\CIntObject.cpp">
      <Filter>Source Files</Filter>
    </ClCompile>
    <ClCompile Include="UIFramework\CIntObjectClasses.cpp">
      <Filter>Source Files</Filter>
    </ClCompile>
    <ClCompile Include="UIFramework\Geometries.cpp">
      <Filter>Source Files</Filter>
    </ClCompile>
    <ClCompile Include="UIFramework\SDL_Extensions.cpp">
      <Filter>Source Files</Filter>
    </ClCompile>
  </ItemGroup>
  <ItemGroup>
    <ClInclude Include="CAdvmapInterface.h">
      <Filter>Header Files</Filter>
    </ClInclude>
    <ClInclude Include="CBitmapHandler.h">
      <Filter>Header Files</Filter>
    </ClInclude>
    <ClInclude Include="..\CCallback.h">
      <Filter>Header Files</Filter>
    </ClInclude>
    <ClInclude Include="CCastleInterface.h">
      <Filter>Header Files</Filter>
    </ClInclude>
    <ClInclude Include="CConfigHandler.h">
      <Filter>Header Files</Filter>
    </ClInclude>
    <ClInclude Include="CGameInfo.h">
      <Filter>Header Files</Filter>
    </ClInclude>
    <ClInclude Include="CHeroWindow.h">
      <Filter>Header Files</Filter>
    </ClInclude>
    <ClInclude Include="CKingdomInterface.h">
      <Filter>Header Files</Filter>
    </ClInclude>
    <ClInclude Include="Client.h">
      <Filter>Header Files</Filter>
    </ClInclude>
    <ClInclude Include="CMessage.h">
      <Filter>Header Files</Filter>
    </ClInclude>
    <ClInclude Include="CPlayerInterface.h">
      <Filter>Header Files</Filter>
    </ClInclude>
    <ClInclude Include="CPreGame.h">
      <Filter>Header Files</Filter>
    </ClInclude>
    <ClInclude Include="CSpellWindow.h">
      <Filter>Header Files</Filter>
    </ClInclude>
    <ClInclude Include="FontBase.h">
      <Filter>Header Files</Filter>
    </ClInclude>
    <ClInclude Include="FunctionList.h">
      <Filter>Header Files</Filter>
    </ClInclude>
    <ClInclude Include="..\global.h">
      <Filter>Header Files</Filter>
    </ClInclude>
    <ClInclude Include="Graphics.h">
      <Filter>Header Files</Filter>
    </ClInclude>
    <ClInclude Include="GUIClasses.h">
      <Filter>Header Files</Filter>
    </ClInclude>
    <ClInclude Include="resource.h">
      <Filter>Header Files</Filter>
    </ClInclude>
    <ClInclude Include="mapHandler.h">
      <Filter>Header Files</Filter>
    </ClInclude>
    <ClInclude Include="CAnimation.h">
      <Filter>Header Files</Filter>
    </ClInclude>
    <ClInclude Include="CDefHandler.h">
      <Filter>Header Files</Filter>
    </ClInclude>
    <ClInclude Include="CMusicBase.h">
      <Filter>Header Files</Filter>
    </ClInclude>
    <ClInclude Include="CMusicHandler.h">
      <Filter>Header Files</Filter>
    </ClInclude>
    <ClInclude Include="CSndHandler.h">
      <Filter>Header Files</Filter>
    </ClInclude>
    <ClInclude Include="CSoundBase.h">
      <Filter>Header Files</Filter>
    </ClInclude>
    <ClInclude Include="CVideoHandler.h">
      <Filter>Header Files</Filter>
    </ClInclude>
    <ClInclude Include="CCreatureWindow.h">
      <Filter>Header Files</Filter>
    </ClInclude>
    <ClInclude Include="BattleInterface\CBattleAnimations.h">
      <Filter>Header Files</Filter>
    </ClInclude>
    <ClInclude Include="BattleInterface\CBattleInterface.h">
      <Filter>Header Files</Filter>
    </ClInclude>
    <ClInclude Include="BattleInterface\CBattleInterfaceClasses.h">
      <Filter>Header Files</Filter>
    </ClInclude>
    <ClInclude Include="BattleInterface\CCreatureAnimation.h">
      <Filter>Header Files</Filter>
    </ClInclude>
    <ClInclude Include="StdInc.h">
      <Filter>Header Files</Filter>
    </ClInclude>
    <ClInclude Include="UIFramework\CCursorHandler.h">
      <Filter>Header Files</Filter>
    </ClInclude>
    <ClInclude Include="UIFramework\CGuiHandler.h">
      <Filter>Header Files</Filter>
    </ClInclude>
    <ClInclude Include="UIFramework\CIntObject.h">
      <Filter>Header Files</Filter>
    </ClInclude>
    <ClInclude Include="UIFramework\CIntObjectClasses.h">
      <Filter>Header Files</Filter>
    </ClInclude>
    <ClInclude Include="UIFramework\Geometries.h">
      <Filter>Header Files</Filter>
    </ClInclude>
    <ClInclude Include="UIFramework\SDL_Extensions.h">
      <Filter>Header Files</Filter>
    </ClInclude>
  </ItemGroup>
  <ItemGroup>
    <None Include="..\ChangeLog" />
    <None Include="vcmi.ico" />
    <None Include="ClassDiagram21.cd" />
  </ItemGroup>
  <ItemGroup>
    <ResourceCompile Include="VCMI_client.rc" />
  </ItemGroup>
</Project>