<?xml version="1.0" encoding="utf-8"?>
<Project ToolsVersion="4.0" xmlns="http://schemas.microsoft.com/developer/msbuild/2003">
  <ItemGroup>
    <ClCompile Include="CAdvmapInterface.cpp" />
    <ClCompile Include="CAnimation.cpp" />
    <ClCompile Include="..\CCallback.cpp" />
    <ClCompile Include="CBitmapHandler.cpp" />
    <ClCompile Include="CCastleInterface.cpp" />
    <ClCompile Include="CConfigHandler.cpp" />
    <ClCompile Include="CCreatureWindow.cpp" />
    <ClCompile Include="CDefHandler.cpp" />
    <ClCompile Include="CGameInfo.cpp" />
    <ClCompile Include="CHeroWindow.cpp" />
    <ClCompile Include="CKingdomInterface.cpp" />
    <ClCompile Include="Client.cpp" />
    <ClCompile Include="CMessage.cpp" />
    <ClCompile Include="CMT.cpp" />
    <ClCompile Include="CMusicHandler.cpp" />
    <ClCompile Include="CPlayerInterface.cpp" />
    <ClCompile Include="CPreGame.cpp" />
    <ClCompile Include="CSndHandler.cpp" />
    <ClCompile Include="CSpellWindow.cpp" />
    <ClCompile Include="CVideoHandler.cpp" />
    <ClCompile Include="Graphics.cpp" />
    <ClCompile Include="GUIClasses.cpp" />
    <ClCompile Include="mapHandler.cpp" />
    <ClCompile Include="NetPacksClient.cpp" />
    <ClCompile Include="StdInc.cpp" />
    <ClCompile Include="UIFramework\CCursorHandler.cpp">
      <Filter>UIFramework</Filter>
    </ClCompile>
    <ClCompile Include="UIFramework\CGuiHandler.cpp">
      <Filter>UIFramework</Filter>
    </ClCompile>
    <ClCompile Include="UIFramework\CIntObject.cpp">
      <Filter>UIFramework</Filter>
    </ClCompile>
    <ClCompile Include="UIFramework\CIntObjectClasses.cpp">
      <Filter>UIFramework</Filter>
    </ClCompile>
    <ClCompile Include="UIFramework\Geometries.cpp">
      <Filter>UIFramework</Filter>
    </ClCompile>
    <ClCompile Include="UIFramework\SDL_Extensions.cpp">
      <Filter>UIFramework</Filter>
    </ClCompile>
    <ClCompile Include="BattleInterface\CBattleAnimations.cpp">
      <Filter>BattleInterface</Filter>
    </ClCompile>
    <ClCompile Include="BattleInterface\CBattleInterface.cpp">
      <Filter>BattleInterface</Filter>
    </ClCompile>
    <ClCompile Include="BattleInterface\CBattleInterfaceClasses.cpp">
      <Filter>BattleInterface</Filter>
    </ClCompile>
    <ClCompile Include="BattleInterface\CCreatureAnimation.cpp">
      <Filter>BattleInterface</Filter>
    </ClCompile>
  </ItemGroup>
  <ItemGroup>
    <ClInclude Include="CAdvmapInterface.h" />
    <ClInclude Include="CAnimation.h" />
    <ClInclude Include="CBitmapHandler.h" />
    <ClInclude Include="..\CCallback.h" />
    <ClInclude Include="CCastleInterface.h" />
    <ClInclude Include="CConfigHandler.h" />
    <ClInclude Include="CCreatureWindow.h" />
    <ClInclude Include="CDefHandler.h" />
    <ClInclude Include="CGameInfo.h" />
    <ClInclude Include="CHeroWindow.h" />
    <ClInclude Include="CKingdomInterface.h" />
    <ClInclude Include="Client.h" />
    <ClInclude Include="CMessage.h" />
    <ClInclude Include="CMusicBase.h" />
    <ClInclude Include="CMusicHandler.h" />
    <ClInclude Include="CPlayerInterface.h" />
    <ClInclude Include="CPreGame.h" />
    <ClInclude Include="CSndHandler.h" />
    <ClInclude Include="CSoundBase.h" />
    <ClInclude Include="CSpellWindow.h" />
    <ClInclude Include="CVideoHandler.h" />
    <ClInclude Include="FontBase.h" />
    <ClInclude Include="FunctionList.h" />
    <ClInclude Include="Graphics.h" />
    <ClInclude Include="GUIClasses.h" />
    <ClInclude Include="mapHandler.h" />
    <ClInclude Include="resource.h" />
    <ClInclude Include="StdInc.h" />
    <ClInclude Include="..\Global.h" />
    <ClInclude Include="UIFramework\CCursorHandler.h">
      <Filter>UIFramework</Filter>
    </ClInclude>
    <ClInclude Include="UIFramework\CGuiHandler.h">
      <Filter>UIFramework</Filter>
    </ClInclude>
    <ClInclude Include="UIFramework\CIntObject.h">
      <Filter>UIFramework</Filter>
    </ClInclude>
    <ClInclude Include="UIFramework\CIntObjectClasses.h">
      <Filter>UIFramework</Filter>
    </ClInclude>
    <ClInclude Include="UIFramework\Geometries.h">
      <Filter>UIFramework</Filter>
    </ClInclude>
    <ClInclude Include="UIFramework\SDL_Extensions.h">
      <Filter>UIFramework</Filter>
    </ClInclude>
    <ClInclude Include="BattleInterface\CBattleAnimations.h">
      <Filter>BattleInterface</Filter>
    </ClInclude>
    <ClInclude Include="BattleInterface\CBattleInterface.h">
      <Filter>BattleInterface</Filter>
    </ClInclude>
    <ClInclude Include="BattleInterface\CBattleInterfaceClasses.h">
      <Filter>BattleInterface</Filter>
    </ClInclude>
    <ClInclude Include="BattleInterface\CCreatureAnimation.h">
      <Filter>BattleInterface</Filter>
    </ClInclude>
  </ItemGroup>
  <ItemGroup>
    <ResourceCompile Include="VCMI_client.rc" />
  </ItemGroup>
  <ItemGroup>
    <None Include="..\ChangeLog" />
    <None Include="vcmi.ico" />
  </ItemGroup>
  <ItemGroup>
    <Filter Include="BattleInterface">
      <UniqueIdentifier>{3b4624b5-80f2-4bd8-b4c0-af29d3be4b58}</UniqueIdentifier>
    </Filter>
    <Filter Include="UIFramework">
      <UniqueIdentifier>{918a73d4-7386-4d29-9515-a3579051d4ac}</UniqueIdentifier>
    </Filter>
  </ItemGroup>
</Project>