<?xml version="1.0" encoding="UTF-8" standalone="yes" ?>
<CodeBlocks_project_file>
	<FileVersion major="1" minor="6" />
	<Project>
		<Option title="VCMI_client" />
		<Option pch_mode="2" />
		<Option default_target="Debug-win64" />
		<Option compiler="gcc" />
		<Build>
			<Target title="Debug-win32">
				<Option platforms="Windows;" />
				<Option output="../VCMI_client" prefix_auto="1" extension_auto="1" />
				<Option working_dir="../" />
				<Option object_output="../obj/Client/Debug/x86" />
				<Option type="1" />
				<Option compiler="gcc" />
				<Compiler>
					<Add option="-Og" />
					<Add option="-g" />
				</Compiler>
				<Linker>
					<Add option="-lboost_program_options$(#boost.libsuffix32)" />
					<Add option="-lboost_filesystem$(#boost.libsuffix32)" />
					<Add option="-lboost_system$(#boost.libsuffix32)" />
					<Add option="-lboost_thread$(#boost.libsuffix32)" />
					<Add option="-lboost_chrono$(#boost.libsuffix32)" />
					<Add option="-lVCMI_lib" />
					<Add directory="$(#sdl2.lib)" />
					<Add directory="$(#boost.lib32)" />
					<Add directory="$(#ffmpeg.lib32)" />
				</Linker>
			</Target>
			<Target title="Release-win32">
				<Option platforms="Windows;" />
				<Option output="../VCMI_client" prefix_auto="1" extension_auto="1" />
				<Option working_dir="../" />
				<Option object_output="../obj/Client/Release/x86" />
				<Option type="1" />
				<Option compiler="gcc" />
				<Compiler>
					<Add option="-fomit-frame-pointer" />
					<Add option="-O2" />
				</Compiler>
				<Linker>
					<Add option="-s" />
					<Add option="-lboost_program_options$(#boost.libsuffix32)" />
					<Add option="-lboost_filesystem$(#boost.libsuffix32)" />
					<Add option="-lboost_system$(#boost.libsuffix32)" />
					<Add option="-lboost_thread$(#boost.libsuffix32)" />
					<Add option="-lboost_chrono$(#boost.libsuffix32)" />
					<Add option="-lVCMI_lib" />
					<Add directory="$(#sdl2.lib)" />
					<Add directory="$(#boost.lib32)" />
					<Add directory="$(#ffmpeg.lib32)" />
				</Linker>
			</Target>
			<Target title="Debug-win64">
				<Option platforms="Windows;" />
				<Option output="../VCMI_client" prefix_auto="1" extension_auto="1" />
				<Option working_dir="../" />
				<Option object_output="../obj/Client/Debug/x64" />
				<Option type="1" />
				<Option compiler="gnu_gcc_compiler_x64" />
				<Compiler>
					<Add option="-Og" />
					<Add option="-g" />
				</Compiler>
				<Linker>
					<Add option="-lboost_program_options$(#boost.libsuffix64)" />
					<Add option="-lboost_filesystem$(#boost.libsuffix64)" />
					<Add option="-lboost_system$(#boost.libsuffix64)" />
					<Add option="-lboost_thread$(#boost.libsuffix64)" />
					<Add option="-lboost_chrono$(#boost.libsuffix64)" />
					<Add option="-lVCMI_lib" />
					<Add directory="$(#sdl2.lib64)" />
					<Add directory="$(#boost.lib64)" />
					<Add directory="$(#ffmpeg.lib64)" />
				</Linker>
			</Target>
		</Build>
		<Compiler>
			<Add option="-Wextra" />
			<Add option="-Wall" />
			<Add option="-std=gnu++11" />
			<Add option="-fexceptions" />
			<Add option="-Wpointer-arith" />
			<Add option="-Wno-switch" />
			<Add option="-Wno-sign-compare" />
			<Add option="-Wno-unused-parameter" />
			<Add option="-Wno-overloaded-virtual" />
			<Add option="-isystem $(#boost.include)" />
			<Add option="-DBOOST_ALL_DYN_LINK" />
			<Add option="-DBOOST_SYSTEM_NO_DEPRECATED" />
			<Add option="-D_WIN32_WINNT=0x0600" />
			<Add option="-D_WIN32" />
			<Add option="-DBOOST_UUID_RANDOM_PROVIDER_FORCE_WINCRYPT" />
			<Add directory="../client" />
			<Add directory="$(#ffmpeg.include)" />
			<Add directory="$(#sdl2.include)" />
			<Add directory="../include" />
		</Compiler>
		<Linker>
			<Add option="-lole32" />
			<Add option="-loleaut32" />
			<Add option="-lws2_32" />
			<Add option="-ladvapi32" />
			<Add option="-lavcodec.dll" />
			<Add option="-lavformat.dll" />
			<Add option="-lswscale.dll" />
			<Add option="-lavutil.dll" />
			<Add option="-lSDL2.dll" />
			<Add option="-lSDL2_image.dll" />
			<Add option="-lSDL2_mixer.dll" />
			<Add option="-lSDL2_ttf.dll" />
			<Add directory="../" />
		</Linker>
		<Unit filename="../CCallback.cpp" />
		<Unit filename="../CCallback.h" />
		<Unit filename="CBitmapHandler.cpp" />
		<Unit filename="CBitmapHandler.h" />
		<Unit filename="CGameInfo.cpp" />
		<Unit filename="CGameInfo.h" />
		<Unit filename="CMT.cpp" />
		<Unit filename="CMT.h" />
		<Unit filename="CMessage.cpp" />
		<Unit filename="CMessage.h" />
		<Unit filename="CMusicHandler.cpp" />
		<Unit filename="CMusicHandler.h" />
		<Unit filename="CPlayerInterface.cpp" />
		<Unit filename="CPlayerInterface.h" />
		<Unit filename="CServerHandler.cpp" />
		<Unit filename="CServerHandler.h" />
		<Unit filename="CVideoHandler.cpp" />
		<Unit filename="CVideoHandler.h" />
		<Unit filename="Client.cpp" />
		<Unit filename="Client.h" />
		<Unit filename="CreatureCostBox.cpp" />
		<Unit filename="CreatureCostBox.h" />
		<Unit filename="Graphics.cpp" />
		<Unit filename="Graphics.h" />
		<Unit filename="NetPacksClient.cpp" />
		<Unit filename="NetPacksLobbyClient.cpp" />
		<Unit filename="SDLMain.h" />
		<Unit filename="SDLRWwrapper.cpp" />
		<Unit filename="SDLRWwrapper.h" />
		<Unit filename="StdInc.h">
			<Option compile="1" />
			<Option weight="0" />
		</Unit>
		<Unit filename="VCMI_client.rc">
			<Option compilerVar="WINDRES" />
		</Unit>
		<Unit filename="battle/CBattleAnimations.cpp" />
		<Unit filename="battle/CBattleAnimations.h" />
		<Unit filename="battle/CBattleInterface.cpp" />
		<Unit filename="battle/CBattleInterface.h" />
		<Unit filename="battle/CBattleInterfaceClasses.cpp" />
		<Unit filename="battle/CBattleInterfaceClasses.h" />
		<Unit filename="battle/CCreatureAnimation.cpp" />
		<Unit filename="battle/CCreatureAnimation.h" />
		<Unit filename="gui/CAnimation.cpp" />
		<Unit filename="gui/CAnimation.h" />
		<Unit filename="gui/CCursorHandler.cpp" />
		<Unit filename="gui/CCursorHandler.h" />
		<Unit filename="gui/CGuiHandler.cpp" />
		<Unit filename="gui/CGuiHandler.h" />
		<Unit filename="gui/CIntObject.cpp" />
		<Unit filename="gui/CIntObject.h" />
		<Unit filename="gui/Fonts.cpp" />
		<Unit filename="gui/Fonts.h" />
		<Unit filename="gui/Geometries.cpp" />
		<Unit filename="gui/Geometries.h" />
		<Unit filename="gui/SDL_Compat.h" />
		<Unit filename="gui/SDL_Extensions.cpp" />
		<Unit filename="gui/SDL_Extensions.h" />
		<Unit filename="gui/SDL_Pixels.h" />
		<Unit filename="lobby/CBonusSelection.cpp" />
		<Unit filename="lobby/CBonusSelection.h" />
		<Unit filename="lobby/CLobbyScreen.cpp" />
		<Unit filename="lobby/CLobbyScreen.h" />
		<Unit filename="lobby/CSavingScreen.cpp" />
		<Unit filename="lobby/CSavingScreen.h" />
		<Unit filename="lobby/CScenarioInfoScreen.cpp" />
		<Unit filename="lobby/CScenarioInfoScreen.h" />
		<Unit filename="lobby/CSelectionBase.cpp" />
		<Unit filename="lobby/CSelectionBase.h" />
		<Unit filename="lobby/OptionsTab.cpp" />
		<Unit filename="lobby/OptionsTab.h" />
		<Unit filename="lobby/RandomMapTab.cpp" />
		<Unit filename="lobby/RandomMapTab.h" />
		<Unit filename="lobby/SelectionTab.cpp" />
		<Unit filename="lobby/SelectionTab.h" />
		<Unit filename="mainmenu/CCampaignScreen.cpp" />
		<Unit filename="mainmenu/CCampaignScreen.h" />
		<Unit filename="mainmenu/CMainMenu.cpp" />
		<Unit filename="mainmenu/CMainMenu.h" />
		<Unit filename="mainmenu/CPrologEpilogVideo.cpp" />
		<Unit filename="mainmenu/CPrologEpilogVideo.h" />
		<Unit filename="mainmenu/CreditsScreen.cpp" />
		<Unit filename="mainmenu/CreditsScreen.h" />
		<Unit filename="mapHandler.cpp" />
		<Unit filename="mapHandler.h" />
		<Unit filename="resource.h" />
		<Unit filename="widgets/AdventureMapClasses.cpp" />
		<Unit filename="widgets/AdventureMapClasses.h" />
		<Unit filename="widgets/Buttons.cpp" />
		<Unit filename="widgets/Buttons.h" />
		<Unit filename="widgets/CArtifactHolder.cpp" />
		<Unit filename="widgets/CArtifactHolder.h" />
		<Unit filename="widgets/CComponent.cpp" />
		<Unit filename="widgets/CComponent.h" />
		<Unit filename="widgets/CGarrisonInt.cpp" />
		<Unit filename="widgets/CGarrisonInt.h" />
		<Unit filename="widgets/Images.cpp" />
		<Unit filename="widgets/Images.h" />
		<Unit filename="widgets/MiscWidgets.cpp" />
		<Unit filename="widgets/MiscWidgets.h" />
		<Unit filename="widgets/ObjectLists.cpp" />
		<Unit filename="widgets/ObjectLists.h" />
		<Unit filename="widgets/TextControls.cpp" />
		<Unit filename="widgets/TextControls.h" />
		<Unit filename="windows/CAdvmapInterface.cpp" />
		<Unit filename="windows/CAdvmapInterface.h" />
		<Unit filename="windows/CCastleInterface.cpp" />
		<Unit filename="windows/CCastleInterface.h" />
		<Unit filename="windows/CCreatureWindow.cpp" />
		<Unit filename="windows/CCreatureWindow.h" />
		<Unit filename="windows/CHeroWindow.cpp" />
		<Unit filename="windows/CHeroWindow.h" />
		<Unit filename="windows/CKingdomInterface.cpp" />
		<Unit filename="windows/CKingdomInterface.h" />
		<Unit filename="windows/CQuestLog.cpp" />
		<Unit filename="windows/CQuestLog.h" />
		<Unit filename="windows/CSpellWindow.cpp" />
		<Unit filename="windows/CSpellWindow.h" />
		<Unit filename="windows/CTradeWindow.cpp" />
		<Unit filename="windows/CTradeWindow.h" />
		<Unit filename="windows/CWindowObject.cpp" />
		<Unit filename="windows/CWindowObject.h" />
		<Unit filename="windows/CreaturePurchaseCard.cpp" />
		<Unit filename="windows/CreaturePurchaseCard.h" />
		<Unit filename="windows/GUIClasses.cpp" />
		<Unit filename="windows/GUIClasses.h" />
		<Unit filename="windows/InfoWindows.cpp" />
		<Unit filename="windows/InfoWindows.h" />
		<Unit filename="windows/QuickRecruitmentWindow.cpp" />
		<Unit filename="windows/QuickRecruitmentWindow.h" />
		<Extensions>
			<DoxyBlocks>
				<comment_style block="0" line="0" />
				<doxyfile_project />
				<doxyfile_build />
				<doxyfile_warnings />
				<doxyfile_output />
				<doxyfile_dot />
				<general />
			</DoxyBlocks>
			<lib_finder disable_auto="1" />
		</Extensions>
	</Project>
</CodeBlocks_project_file>
