
Microsoft Visual Studio Solution File, Format Version 11.00
# Visual C++ Express 2010
Project("{8BC9CEB8-8B4A-11D0-8D11-00A0C91BC942}") = "VCMI_client", "client\VCMI_client.vcxproj", "{8355EBA8-65C2-44A4-BC2D-78053E1BF2D6}"
EndProject
Project("{8BC9CEB8-8B4A-11D0-8D11-00A0C91BC942}") = "VCMI_lib", "lib\VCMI_lib.vcxproj", "{B952FFC5-3039-4DE1-9F08-90ACDA483D8F}"
EndProject
Project("{8BC9CEB8-8B4A-11D0-8D11-00A0C91BC942}") = "VCMI_server", "server\VCMI_server.vcxproj", "{8AF697C3-465E-4910-B31B-576A9ECDB309}"
EndProject
Project("{8BC9CEB8-8B4A-11D0-8D11-00A0C91BC942}") = "genius", "AI\GeniusAI\genius.vcxproj", "{B6A14ED9-E7C1-411B-A596-2FE90B3145B4}"
EndProject
Project("{8BC9CEB8-8B4A-11D0-8D11-00A0C91BC942}") = "StupidAI", "AI\StupidAI\StupidAI.vcxproj", "{15DABC90-234A-4B6B-9EEB-777C4768B82B}"
	ProjectSection(ProjectDependencies) = postProject
		{B952FFC5-3039-4DE1-9F08-90ACDA483D8F} = {B952FFC5-3039-4DE1-9F08-90ACDA483D8F}
	EndProjectSection
EndProject
Global
	GlobalSection(SolutionConfigurationPlatforms) = preSolution
		Debug|Win32 = Debug|Win32
		RD|Win32 = RD|Win32
		Release|Win32 = Release|Win32
	EndGlobalSection
	GlobalSection(ProjectConfigurationPlatforms) = postSolution
		{8355EBA8-65C2-44A4-BC2D-78053E1BF2D6}.Debug|Win32.ActiveCfg = Debug|Win32
		{8355EBA8-65C2-44A4-BC2D-78053E1BF2D6}.Debug|Win32.Build.0 = Debug|Win32
		{8355EBA8-65C2-44A4-BC2D-78053E1BF2D6}.RD|Win32.ActiveCfg = RD|Win32
		{8355EBA8-65C2-44A4-BC2D-78053E1BF2D6}.RD|Win32.Build.0 = RD|Win32
		{8355EBA8-65C2-44A4-BC2D-78053E1BF2D6}.Release|Win32.ActiveCfg = Release|Win32
		{8355EBA8-65C2-44A4-BC2D-78053E1BF2D6}.Release|Win32.Build.0 = Release|Win32
		{B952FFC5-3039-4DE1-9F08-90ACDA483D8F}.Debug|Win32.ActiveCfg = Debug|Win32
		{B952FFC5-3039-4DE1-9F08-90ACDA483D8F}.Debug|Win32.Build.0 = Debug|Win32
		{B952FFC5-3039-4DE1-9F08-90ACDA483D8F}.RD|Win32.ActiveCfg = RD|Win32
		{B952FFC5-3039-4DE1-9F08-90ACDA483D8F}.RD|Win32.Build.0 = RD|Win32
		{B952FFC5-3039-4DE1-9F08-90ACDA483D8F}.Release|Win32.ActiveCfg = Release|Win32
		{B952FFC5-3039-4DE1-9F08-90ACDA483D8F}.Release|Win32.Build.0 = Release|Win32
		{8AF697C3-465E-4910-B31B-576A9ECDB309}.Debug|Win32.ActiveCfg = Debug|Win32
		{8AF697C3-465E-4910-B31B-576A9ECDB309}.Debug|Win32.Build.0 = Debug|Win32
		{8AF697C3-465E-4910-B31B-576A9ECDB309}.RD|Win32.ActiveCfg = RD|Win32
		{8AF697C3-465E-4910-B31B-576A9ECDB309}.RD|Win32.Build.0 = RD|Win32
		{8AF697C3-465E-4910-B31B-576A9ECDB309}.Release|Win32.ActiveCfg = Release|Win32
		{8AF697C3-465E-4910-B31B-576A9ECDB309}.Release|Win32.Build.0 = Release|Win32
		{B6A14ED9-E7C1-411B-A596-2FE90B3145B4}.Debug|Win32.ActiveCfg = Debug|Win32
		{B6A14ED9-E7C1-411B-A596-2FE90B3145B4}.Debug|Win32.Build.0 = Debug|Win32
		{B6A14ED9-E7C1-411B-A596-2FE90B3145B4}.RD|Win32.ActiveCfg = RD|Win32
		{B6A14ED9-E7C1-411B-A596-2FE90B3145B4}.RD|Win32.Build.0 = RD|Win32
		{B6A14ED9-E7C1-411B-A596-2FE90B3145B4}.Release|Win32.ActiveCfg = Release|Win32
		{B6A14ED9-E7C1-411B-A596-2FE90B3145B4}.Release|Win32.Build.0 = Release|Win32
		{15DABC90-234A-4B6B-9EEB-777C4768B82B}.Debug|Win32.ActiveCfg = Debug|Win32
		{15DABC90-234A-4B6B-9EEB-777C4768B82B}.Debug|Win32.Build.0 = Debug|Win32
		{15DABC90-234A-4B6B-9EEB-777C4768B82B}.RD|Win32.ActiveCfg = RD|Win32
		{15DABC90-234A-4B6B-9EEB-777C4768B82B}.RD|Win32.Build.0 = RD|Win32
		{15DABC90-234A-4B6B-9EEB-777C4768B82B}.Release|Win32.ActiveCfg = Release|Win32
		{15DABC90-234A-4B6B-9EEB-777C4768B82B}.Release|Win32.Build.0 = Release|Win32
	EndGlobalSection
	GlobalSection(SolutionProperties) = preSolution
		HideSolutionNode = FALSE
	EndGlobalSection
EndGlobal
