<?xml version="1.0" encoding="utf-8"?>
<Project ToolsVersion="4.0" xmlns="http://schemas.microsoft.com/developer/msbuild/2003">
  <ItemGroup>
    <ClCompile Include="AIhelper.cpp" />
    <ClCompile Include="AIUtility.cpp" />
    <ClCompile Include="BuildingManager.cpp" />
    <ClCompile Include="FuzzyEngines.cpp" />
    <ClCompile Include="FuzzyHelper.cpp" />
    <ClCompile Include="main.cpp" />
    <ClCompile Include="MapObjectsEvaluator.cpp" />
    <ClCompile Include="ResourceManager.cpp" />
    <ClCompile Include="SectorMap.cpp" />
    <ClCompile Include="StdInc.cpp" />
    <ClCompile Include="VCAI.cpp" />
    <ClCompile Include="Pathfinding\AINodeStorage.cpp">
      <Filter>Pathfinding</Filter>
    </ClCompile>
    <ClCompile Include="Pathfinding\AIPathfinder.cpp">
      <Filter>Pathfinding</Filter>
    </ClCompile>
    <ClCompile Include="Pathfinding\AIPathfinderConfig.cpp">
      <Filter>Pathfinding</Filter>
    </ClCompile>
    <ClCompile Include="Pathfinding\PathfindingManager.cpp">
      <Filter>Pathfinding</Filter>
    </ClCompile>
    <ClCompile Include="Goals\AbstractGoal.cpp">
      <Filter>Goals</Filter>
    </ClCompile>
    <ClCompile Include="Goals\Build.cpp">
      <Filter>Goals</Filter>
    </ClCompile>
    <ClCompile Include="Goals\BuildBoat.cpp">
      <Filter>Goals</Filter>
    </ClCompile>
    <ClCompile Include="Goals\BuildThis.cpp">
      <Filter>Goals</Filter>
    </ClCompile>
    <ClCompile Include="Goals\BuyArmy.cpp">
      <Filter>Goals</Filter>
    </ClCompile>
    <ClCompile Include="Goals\ClearWayTo.cpp">
      <Filter>Goals</Filter>
    </ClCompile>
    <ClCompile Include="Goals\CollectRes.cpp">
      <Filter>Goals</Filter>
    </ClCompile>
    <ClCompile Include="Goals\Conquer.cpp">
      <Filter>Goals</Filter>
    </ClCompile>
    <ClCompile Include="Goals\DigAtTile.cpp">
      <Filter>Goals</Filter>
    </ClCompile>
    <ClCompile Include="Goals\Explore.cpp">
      <Filter>Goals</Filter>
    </ClCompile>
    <ClCompile Include="Goals\FindObj.cpp">
      <Filter>Goals</Filter>
    </ClCompile>
    <ClCompile Include="Goals\GatherArmy.cpp">
      <Filter>Goals</Filter>
    </ClCompile>
    <ClCompile Include="Goals\GatherTroops.cpp">
      <Filter>Goals</Filter>
    </ClCompile>
    <ClCompile Include="Goals\GetArtOfType.cpp">
      <Filter>Goals</Filter>
    </ClCompile>
    <ClCompile Include="Goals\RecruitHero.cpp">
      <Filter>Goals</Filter>
    </ClCompile>
    <ClCompile Include="Goals\Trade.cpp">
      <Filter>Goals</Filter>
    </ClCompile>
    <ClCompile Include="Goals\VisitHero.cpp">
      <Filter>Goals</Filter>
    </ClCompile>
    <ClCompile Include="Goals\VisitObj.cpp">
      <Filter>Goals</Filter>
    </ClCompile>
    <ClCompile Include="Goals\VisitTile.cpp">
      <Filter>Goals</Filter>
    </ClCompile>
    <ClCompile Include="Goals\Win.cpp">
      <Filter>Goals</Filter>
    </ClCompile>
    <ClCompile Include="Goals\CompleteQuest.cpp">
      <Filter>Goals</Filter>
    </ClCompile>
    <ClCompile Include="Goals\AdventureSpellCast.cpp">
      <Filter>Goals</Filter>
    </ClCompile>
    <ClCompile Include="Pathfinding\Actions\BoatActions.cpp">
      <Filter>Pathfinding\Actions</Filter>
    </ClCompile>
    <ClCompile Include="Pathfinding\Actions\BattleAction.cpp">
      <Filter>Pathfinding\Actions</Filter>
    </ClCompile>
    <ClCompile Include="Pathfinding\Actions\TownPortalAction.cpp">
      <Filter>Pathfinding\Actions</Filter>
    </ClCompile>
    <ClCompile Include="Pathfinding\Rules\AILayerTransitionRule.cpp">
      <Filter>Pathfinding\Rules</Filter>
    </ClCompile>
    <ClCompile Include="Pathfinding\Rules\AIMovementAfterDestinationRule.cpp">
      <Filter>Pathfinding\Rules</Filter>
    </ClCompile>
    <ClCompile Include="Pathfinding\Rules\AIMovementToDestinationRule.cpp">
      <Filter>Pathfinding\Rules</Filter>
    </ClCompile>
    <ClCompile Include="Pathfinding\Rules\AIPreviousNodeRule.cpp">
      <Filter>Pathfinding\Rules</Filter>
    </ClCompile>
    <ClCompile Include="ArmyManager.cpp" />
  </ItemGroup>
  <ItemGroup>
    <ClInclude Include="AIhelper.h" />
    <ClInclude Include="AIUtility.h" />
    <ClInclude Include="BuildingManager.h" />
    <ClInclude Include="FuzzyEngines.h" />
    <ClInclude Include="FuzzyHelper.h" />
    <ClInclude Include="MapObjectsEvaluator.h" />
    <ClInclude Include="ResourceManager.h" />
    <ClInclude Include="SectorMap.h" />
    <ClInclude Include="StdInc.h" />
    <ClInclude Include="VCAI.h" />
    <ClInclude Include="Pathfinding\AINodeStorage.h">
      <Filter>Pathfinding</Filter>
    </ClInclude>
    <ClInclude Include="Pathfinding\AIPathfinder.h">
      <Filter>Pathfinding</Filter>
    </ClInclude>
    <ClInclude Include="Pathfinding\AIPathfinderConfig.h">
      <Filter>Pathfinding</Filter>
    </ClInclude>
    <ClInclude Include="Pathfinding\PathfindingManager.h">
      <Filter>Pathfinding</Filter>
    </ClInclude>
    <ClInclude Include="Goals\AbstractGoal.h">
      <Filter>Goals</Filter>
    </ClInclude>
    <ClInclude Include="Goals\Build.h">
      <Filter>Goals</Filter>
    </ClInclude>
    <ClInclude Include="Goals\BuildBoat.h">
      <Filter>Goals</Filter>
    </ClInclude>
    <ClInclude Include="Goals\BuildThis.h">
      <Filter>Goals</Filter>
    </ClInclude>
    <ClInclude Include="Goals\BuyArmy.h">
      <Filter>Goals</Filter>
    </ClInclude>
    <ClInclude Include="Goals\CGoal.h">
      <Filter>Goals</Filter>
    </ClInclude>
    <ClInclude Include="Goals\ClearWayTo.h">
      <Filter>Goals</Filter>
    </ClInclude>
    <ClInclude Include="Goals\CollectRes.h">
      <Filter>Goals</Filter>
    </ClInclude>
    <ClInclude Include="Goals\Conquer.h">
      <Filter>Goals</Filter>
    </ClInclude>
    <ClInclude Include="Goals\DigAtTile.h">
      <Filter>Goals</Filter>
    </ClInclude>
    <ClInclude Include="Goals\Explore.h">
      <Filter>Goals</Filter>
    </ClInclude>
    <ClInclude Include="Goals\FindObj.h">
      <Filter>Goals</Filter>
    </ClInclude>
    <ClInclude Include="Goals\GatherArmy.h">
      <Filter>Goals</Filter>
    </ClInclude>
    <ClInclude Include="Goals\GatherTroops.h">
      <Filter>Goals</Filter>
    </ClInclude>
    <ClInclude Include="Goals\GetArtOfType.h">
      <Filter>Goals</Filter>
    </ClInclude>
    <ClInclude Include="Goals\Goals.h">
      <Filter>Goals</Filter>
    </ClInclude>
    <ClInclude Include="Goals\Invalid.h">
      <Filter>Goals</Filter>
    </ClInclude>
    <ClInclude Include="Goals\RecruitHero.h">
      <Filter>Goals</Filter>
    </ClInclude>
    <ClInclude Include="Goals\Trade.h">
      <Filter>Goals</Filter>
    </ClInclude>
    <ClInclude Include="Goals\VisitHero.h">
      <Filter>Goals</Filter>
    </ClInclude>
    <ClInclude Include="Goals\VisitObj.h">
      <Filter>Goals</Filter>
    </ClInclude>
    <ClInclude Include="Goals\VisitTile.h">
      <Filter>Goals</Filter>
    </ClInclude>
    <ClInclude Include="Goals\Win.h">
      <Filter>Goals</Filter>
    </ClInclude>
    <ClInclude Include="Goals\CompleteQuest.h">
      <Filter>Goals</Filter>
    </ClInclude>
    <ClInclude Include="Goals\AdventureSpellCast.h">
      <Filter>Goals</Filter>
    </ClInclude>
    <ClInclude Include="Pathfinding\Actions\ISpecialAction.h">
      <Filter>Pathfinding\Actions</Filter>
    </ClInclude>
    <ClInclude Include="Pathfinding\Actions\BoatActions.h">
      <Filter>Pathfinding\Actions</Filter>
    </ClInclude>
    <ClInclude Include="Pathfinding\Actions\BattleAction.h">
      <Filter>Pathfinding\Actions</Filter>
    </ClInclude>
    <ClInclude Include="Pathfinding\Actions\TownPortalAction.h">
      <Filter>Pathfinding\Actions</Filter>
    </ClInclude>
    <ClInclude Include="Pathfinding\Rules\AILayerTransitionRule.h">
      <Filter>Pathfinding\Rules</Filter>
    </ClInclude>
    <ClInclude Include="Pathfinding\Rules\AIMovementAfterDestinationRule.h">
      <Filter>Pathfinding\Rules</Filter>
    </ClInclude>
    <ClInclude Include="Pathfinding\Rules\AIMovementToDestinationRule.h">
      <Filter>Pathfinding\Rules</Filter>
    </ClInclude>
    <ClInclude Include="Pathfinding\Rules\AIPreviousNodeRule.h">
      <Filter>Pathfinding\Rules</Filter>
    </ClInclude>
    <ClInclude Include="ArmyManager.h" />
  </ItemGroup>
  <ItemGroup>
    <Filter Include="Pathfinding">
      <UniqueIdentifier>{f0ef4866-37a3-4a10-a6bf-34460fcefab5}</UniqueIdentifier>
    </Filter>
    <Filter Include="Goals">
      <UniqueIdentifier>{f97140a0-eee3-456f-b586-4b13265c01da}</UniqueIdentifier>
    </Filter>
    <Filter Include="Pathfinding\Rules">
      <UniqueIdentifier>{beabfdb9-2e76-4daa-8d1a-81086387f319}</UniqueIdentifier>
    </Filter>
    <Filter Include="Pathfinding\Actions">
      <UniqueIdentifier>{3ebb4852-a986-447a-b5cc-20992df76f0c}</UniqueIdentifier>
    </Filter>
  </ItemGroup>
</Project>